// !$*UTF8*$!
{
	archiveVersion = 1;
	classes = {
	};
	objectVersion = 56;
	objects = {

/* Begin PBXBuildFile section */
		916B187A29735FC6009233C4 /* AccountSummaryCell.swift in Sources */ = {isa = PBXBuildFile; fileRef = 916B187929735FC6009233C4 /* AccountSummaryCell.swift */; };
		916B1889297523BD009233C4 /* UT.swift in Sources */ = {isa = PBXBuildFile; fileRef = 916B1888297523BD009233C4 /* UT.swift */; };
		916B188B29752A0A009233C4 /* test.swift in Sources */ = {isa = PBXBuildFile; fileRef = 916B188A29752A0A009233C4 /* test.swift */; };
		916B35FC2971F44600D2423F /* UIViewController+Utils.swift in Sources */ = {isa = PBXBuildFile; fileRef = 916B35FB2971F44600D2423F /* UIViewController+Utils.swift */; };
		916B35FE2971F63700D2423F /* MainViewController.swift in Sources */ = {isa = PBXBuildFile; fileRef = 916B35FD2971F63700D2423F /* MainViewController.swift */; };
		916B3601297204BE00D2423F /* AccountSummaryViewController.swift in Sources */ = {isa = PBXBuildFile; fileRef = 916B3600297204BE00D2423F /* AccountSummaryViewController.swift */; };
		916B36032972092900D2423F /* AccountSummaryHeaderView.swift in Sources */ = {isa = PBXBuildFile; fileRef = 916B36022972092900D2423F /* AccountSummaryHeaderView.swift */; };
		916B36052972097A00D2423F /* AccountSummaryHeaderView.xib in Resources */ = {isa = PBXBuildFile; fileRef = 916B36042972097A00D2423F /* AccountSummaryHeaderView.xib */; };
		91B1D824296CA025003E497A /* LoginView.swift in Sources */ = {isa = PBXBuildFile; fileRef = 91B1D823296CA025003E497A /* LoginView.swift */; };
		91B1D82B296E5FE2003E497A /* OnboardingContainerViewController.swift in Sources */ = {isa = PBXBuildFile; fileRef = 91B1D82A296E5FE2003E497A /* OnboardingContainerViewController.swift */; };
		91B1D82D296E5FFC003E497A /* OnboardingViewController.swift in Sources */ = {isa = PBXBuildFile; fileRef = 91B1D82C296E5FFC003E497A /* OnboardingViewController.swift */; };
		91DA19542967773200566DA9 /* AppDelegate.swift in Sources */ = {isa = PBXBuildFile; fileRef = 91DA19532967773200566DA9 /* AppDelegate.swift */; };
		91DA19582967773200566DA9 /* ViewController.swift in Sources */ = {isa = PBXBuildFile; fileRef = 91DA19572967773200566DA9 /* ViewController.swift */; };
		91DA195D2967773300566DA9 /* Assets.xcassets in Resources */ = {isa = PBXBuildFile; fileRef = 91DA195C2967773300566DA9 /* Assets.xcassets */; };
		91DA19602967773300566DA9 /* LaunchScreen.storyboard in Resources */ = {isa = PBXBuildFile; fileRef = 91DA195E2967773300566DA9 /* LaunchScreen.storyboard */; };
		91F5AF052970E20200EED2C1 /* DummyVIewController.swift in Sources */ = {isa = PBXBuildFile; fileRef = 91F5AF042970E20200EED2C1 /* DummyVIewController.swift */; };
		91F5AF082970EB3400EED2C1 /* LocalState.swift in Sources */ = {isa = PBXBuildFile; fileRef = 91F5AF072970EB3400EED2C1 /* LocalState.swift */; };
/* End PBXBuildFile section */

/* Begin PBXContainerItemProxy section */
		916B18832975231B009233C4 /* PBXContainerItemProxy */ = {
			isa = PBXContainerItemProxy;
			containerPortal = 91DA19482967773200566DA9 /* Project object */;
			proxyType = 1;
			remoteGlobalIDString = 91DA194F2967773200566DA9;
			remoteInfo = banK;
		};
/* End PBXContainerItemProxy section */

/* Begin PBXFileReference section */
		916B187929735FC6009233C4 /* AccountSummaryCell.swift */ = {isa = PBXFileReference; lastKnownFileType = sourcecode.swift; path = AccountSummaryCell.swift; sourceTree = "<group>"; };
		916B187F2975231B009233C4 /* banKTests.xctest */ = {isa = PBXFileReference; explicitFileType = wrapper.cfbundle; includeInIndex = 0; path = banKTests.xctest; sourceTree = BUILT_PRODUCTS_DIR; };
		916B1888297523BD009233C4 /* UT.swift */ = {isa = PBXFileReference; lastKnownFileType = sourcecode.swift; path = UT.swift; sourceTree = "<group>"; };
		916B188A29752A0A009233C4 /* test.swift */ = {isa = PBXFileReference; lastKnownFileType = sourcecode.swift; path = test.swift; sourceTree = "<group>"; };
		916B35FB2971F44600D2423F /* UIViewController+Utils.swift */ = {isa = PBXFileReference; lastKnownFileType = sourcecode.swift; path = "UIViewController+Utils.swift"; sourceTree = "<group>"; };
		916B35FD2971F63700D2423F /* MainViewController.swift */ = {isa = PBXFileReference; lastKnownFileType = sourcecode.swift; path = MainViewController.swift; sourceTree = "<group>"; };
		916B3600297204BE00D2423F /* AccountSummaryViewController.swift */ = {isa = PBXFileReference; lastKnownFileType = sourcecode.swift; path = AccountSummaryViewController.swift; sourceTree = "<group>"; };
		916B36022972092900D2423F /* AccountSummaryHeaderView.swift */ = {isa = PBXFileReference; lastKnownFileType = sourcecode.swift; path = AccountSummaryHeaderView.swift; sourceTree = "<group>"; };
		916B36042972097A00D2423F /* AccountSummaryHeaderView.xib */ = {isa = PBXFileReference; lastKnownFileType = file.xib; path = AccountSummaryHeaderView.xib; sourceTree = "<group>"; };
		91B1D823296CA025003E497A /* LoginView.swift */ = {isa = PBXFileReference; lastKnownFileType = sourcecode.swift; path = LoginView.swift; sourceTree = "<group>"; };
		91B1D82A296E5FE2003E497A /* OnboardingContainerViewController.swift */ = {isa = PBXFileReference; lastKnownFileType = sourcecode.swift; path = OnboardingContainerViewController.swift; sourceTree = "<group>"; };
		91B1D82C296E5FFC003E497A /* OnboardingViewController.swift */ = {isa = PBXFileReference; lastKnownFileType = sourcecode.swift; path = OnboardingViewController.swift; sourceTree = "<group>"; };
		91DA19502967773200566DA9 /* banK.app */ = {isa = PBXFileReference; explicitFileType = wrapper.application; includeInIndex = 0; path = banK.app; sourceTree = BUILT_PRODUCTS_DIR; };
		91DA19532967773200566DA9 /* AppDelegate.swift */ = {isa = PBXFileReference; lastKnownFileType = sourcecode.swift; path = AppDelegate.swift; sourceTree = "<group>"; };
		91DA19572967773200566DA9 /* ViewController.swift */ = {isa = PBXFileReference; lastKnownFileType = sourcecode.swift; path = ViewController.swift; sourceTree = "<group>"; };
		91DA195C2967773300566DA9 /* Assets.xcassets */ = {isa = PBXFileReference; lastKnownFileType = folder.assetcatalog; path = Assets.xcassets; sourceTree = "<group>"; };
		91DA195F2967773300566DA9 /* Base */ = {isa = PBXFileReference; lastKnownFileType = file.storyboard; name = Base; path = Base.lproj/LaunchScreen.storyboard; sourceTree = "<group>"; };
		91DA19612967773300566DA9 /* Info.plist */ = {isa = PBXFileReference; lastKnownFileType = text.plist.xml; path = Info.plist; sourceTree = "<group>"; };
		91F5AF042970E20200EED2C1 /* DummyVIewController.swift */ = {isa = PBXFileReference; lastKnownFileType = sourcecode.swift; path = DummyVIewController.swift; sourceTree = "<group>"; };
		91F5AF072970EB3400EED2C1 /* LocalState.swift */ = {isa = PBXFileReference; lastKnownFileType = sourcecode.swift; path = LocalState.swift; sourceTree = "<group>"; };
/* End PBXFileReference section */

/* Begin PBXFrameworksBuildPhase section */
		916B187C2975231B009233C4 /* Frameworks */ = {
			isa = PBXFrameworksBuildPhase;
			buildActionMask = 2147483647;
			files = (
			);
			runOnlyForDeploymentPostprocessing = 0;
		};
		91DA194D2967773200566DA9 /* Frameworks */ = {
			isa = PBXFrameworksBuildPhase;
			buildActionMask = 2147483647;
			files = (
			);
			runOnlyForDeploymentPostprocessing = 0;
		};
/* End PBXFrameworksBuildPhase section */

/* Begin PBXGroup section */
		916B187729735E40009233C4 /* Header */ = {
			isa = PBXGroup;
			children = (
				916B36022972092900D2423F /* AccountSummaryHeaderView.swift */,
				916B36042972097A00D2423F /* AccountSummaryHeaderView.xib */,
			);
			path = Header;
			sourceTree = "<group>";
		};
		916B187829735FAD009233C4 /* Cell */ = {
			isa = PBXGroup;
			children = (
				916B187929735FC6009233C4 /* AccountSummaryCell.swift */,
			);
			path = Cell;
			sourceTree = "<group>";
		};
		916B18802975231B009233C4 /* banKTests */ = {
			isa = PBXGroup;
			children = (
				916B1888297523BD009233C4 /* UT.swift */,
				916B188A29752A0A009233C4 /* test.swift */,
			);
			path = banKTests;
			sourceTree = "<group>";
		};
		916B35FF2972049900D2423F /* AccountSummary */ = {
			isa = PBXGroup;
			children = (
				916B187829735FAD009233C4 /* Cell */,
				916B187729735E40009233C4 /* Header */,
				916B3600297204BE00D2423F /* AccountSummaryViewController.swift */,
			);
			path = AccountSummary;
			sourceTree = "<group>";
		};
		91B1D821296C9CE3003E497A /* New Group */ = {
			isa = PBXGroup;
			children = (
				91DA19572967773200566DA9 /* ViewController.swift */,
				91B1D823296CA025003E497A /* LoginView.swift */,
				91F5AF042970E20200EED2C1 /* DummyVIewController.swift */,
			);
			path = "New Group";
			sourceTree = "<group>";
		};
		91B1D822296C9D82003E497A /* Files */ = {
			isa = PBXGroup;
			children = (
				91DA195C2967773300566DA9 /* Assets.xcassets */,
				91DA195E2967773300566DA9 /* LaunchScreen.storyboard */,
				91DA19612967773300566DA9 /* Info.plist */,
			);
			name = Files;
			sourceTree = "<group>";
		};
		91B1D825296CD42F003E497A /* Onboarding */ = {
			isa = PBXGroup;
			children = (
				91B1D82A296E5FE2003E497A /* OnboardingContainerViewController.swift */,
				91B1D82C296E5FFC003E497A /* OnboardingViewController.swift */,
			);
			path = Onboarding;
			sourceTree = "<group>";
		};
		91DA19472967773200566DA9 = {
			isa = PBXGroup;
			children = (
				91DA19522967773200566DA9 /* banK */,
				916B18802975231B009233C4 /* banKTests */,
				91DA19512967773200566DA9 /* Products */,
			);
			sourceTree = "<group>";
		};
		91DA19512967773200566DA9 /* Products */ = {
			isa = PBXGroup;
			children = (
				91DA19502967773200566DA9 /* banK.app */,
				916B187F2975231B009233C4 /* banKTests.xctest */,
			);
			name = Products;
			sourceTree = "<group>";
		};
		91DA19522967773200566DA9 /* banK */ = {
			isa = PBXGroup;
			children = (
				91B1D821296C9CE3003E497A /* New Group */,
				91B1D825296CD42F003E497A /* Onboarding */,
				91F5AF062970EB2600EED2C1 /* Utils */,
				91B1D822296C9D82003E497A /* Files */,
				916B35FF2972049900D2423F /* AccountSummary */,
				916B35FD2971F63700D2423F /* MainViewController.swift */,
				91DA19532967773200566DA9 /* AppDelegate.swift */,
			);
			path = banK;
			sourceTree = "<group>";
		};
		91F5AF062970EB2600EED2C1 /* Utils */ = {
			isa = PBXGroup;
			children = (
				916B35FB2971F44600D2423F /* UIViewController+Utils.swift */,
				91F5AF072970EB3400EED2C1 /* LocalState.swift */,
			);
			path = Utils;
			sourceTree = "<group>";
		};
/* End PBXGroup section */

/* Begin PBXNativeTarget section */
		916B187E2975231B009233C4 /* banKTests */ = {
			isa = PBXNativeTarget;
			buildConfigurationList = 916B18852975231B009233C4 /* Build configuration list for PBXNativeTarget "banKTests" */;
			buildPhases = (
				916B187B2975231B009233C4 /* Sources */,
				916B187C2975231B009233C4 /* Frameworks */,
				916B187D2975231B009233C4 /* Resources */,
			);
			buildRules = (
			);
			dependencies = (
				916B18842975231B009233C4 /* PBXTargetDependency */,
			);
			name = banKTests;
			productName = banKTests;
			productReference = 916B187F2975231B009233C4 /* banKTests.xctest */;
			productType = "com.apple.product-type.bundle.unit-test";
		};
		91DA194F2967773200566DA9 /* banK */ = {
			isa = PBXNativeTarget;
			buildConfigurationList = 91DA19642967773300566DA9 /* Build configuration list for PBXNativeTarget "banK" */;
			buildPhases = (
				91DA194C2967773200566DA9 /* Sources */,
				91DA194D2967773200566DA9 /* Frameworks */,
				91DA194E2967773200566DA9 /* Resources */,
			);
			buildRules = (
			);
			dependencies = (
			);
			name = banK;
			productName = banK;
			productReference = 91DA19502967773200566DA9 /* banK.app */;
			productType = "com.apple.product-type.application";
		};
/* End PBXNativeTarget section */

/* Begin PBXProject section */
		91DA19482967773200566DA9 /* Project object */ = {
			isa = PBXProject;
			attributes = {
				BuildIndependentTargetsInParallel = 1;
				LastSwiftUpdateCheck = 1420;
				LastUpgradeCheck = 1420;
				TargetAttributes = {
					916B187E2975231B009233C4 = {
						CreatedOnToolsVersion = 14.2;
						LastSwiftMigration = 1420;
						TestTargetID = 91DA194F2967773200566DA9;
					};
					91DA194F2967773200566DA9 = {
						CreatedOnToolsVersion = 14.2;
					};
				};
			};
			buildConfigurationList = 91DA194B2967773200566DA9 /* Build configuration list for PBXProject "banK" */;
			compatibilityVersion = "Xcode 14.0";
			developmentRegion = en;
			hasScannedForEncodings = 0;
			knownRegions = (
				en,
				Base,
			);
			mainGroup = 91DA19472967773200566DA9;
			productRefGroup = 91DA19512967773200566DA9 /* Products */;
			projectDirPath = "";
			projectRoot = "";
			targets = (
				91DA194F2967773200566DA9 /* banK */,
				916B187E2975231B009233C4 /* banKTests */,
			);
		};
/* End PBXProject section */

/* Begin PBXResourcesBuildPhase section */
		916B187D2975231B009233C4 /* Resources */ = {
			isa = PBXResourcesBuildPhase;
			buildActionMask = 2147483647;
			files = (
			);
			runOnlyForDeploymentPostprocessing = 0;
		};
		91DA194E2967773200566DA9 /* Resources */ = {
			isa = PBXResourcesBuildPhase;
			buildActionMask = 2147483647;
			files = (
				916B36052972097A00D2423F /* AccountSummaryHeaderView.xib in Resources */,
				91DA19602967773300566DA9 /* LaunchScreen.storyboard in Resources */,
				91DA195D2967773300566DA9 /* Assets.xcassets in Resources */,
			);
			runOnlyForDeploymentPostprocessing = 0;
		};
/* End PBXResourcesBuildPhase section */

/* Begin PBXSourcesBuildPhase section */
		916B187B2975231B009233C4 /* Sources */ = {
			isa = PBXSourcesBuildPhase;
			buildActionMask = 2147483647;
			files = (
				916B1889297523BD009233C4 /* UT.swift in Sources */,
				916B188B29752A0A009233C4 /* test.swift in Sources */,
			);
			runOnlyForDeploymentPostprocessing = 0;
		};
		91DA194C2967773200566DA9 /* Sources */ = {
			isa = PBXSourcesBuildPhase;
			buildActionMask = 2147483647;
			files = (
				916B35FC2971F44600D2423F /* UIViewController+Utils.swift in Sources */,
				91DA19582967773200566DA9 /* ViewController.swift in Sources */,
				91F5AF082970EB3400EED2C1 /* LocalState.swift in Sources */,
				916B36032972092900D2423F /* AccountSummaryHeaderView.swift in Sources */,
				91F5AF052970E20200EED2C1 /* DummyVIewController.swift in Sources */,
				91DA19542967773200566DA9 /* AppDelegate.swift in Sources */,
				916B187A29735FC6009233C4 /* AccountSummaryCell.swift in Sources */,
				91B1D82D296E5FFC003E497A /* OnboardingViewController.swift in Sources */,
				916B35FE2971F63700D2423F /* MainViewController.swift in Sources */,
				916B3601297204BE00D2423F /* AccountSummaryViewController.swift in Sources */,
				91B1D824296CA025003E497A /* LoginView.swift in Sources */,
				91B1D82B296E5FE2003E497A /* OnboardingContainerViewController.swift in Sources */,
			);
			runOnlyForDeploymentPostprocessing = 0;
		};
/* End PBXSourcesBuildPhase section */

/* Begin PBXTargetDependency section */
		916B18842975231B009233C4 /* PBXTargetDependency */ = {
			isa = PBXTargetDependency;
			target = 91DA194F2967773200566DA9 /* banK */;
			targetProxy = 916B18832975231B009233C4 /* PBXContainerItemProxy */;
		};
/* End PBXTargetDependency section */

/* Begin PBXVariantGroup section */
		91DA195E2967773300566DA9 /* LaunchScreen.storyboard */ = {
			isa = PBXVariantGroup;
			children = (
				91DA195F2967773300566DA9 /* Base */,
			);
			name = LaunchScreen.storyboard;
			sourceTree = "<group>";
		};
/* End PBXVariantGroup section */

/* Begin XCBuildConfiguration section */
		916B18862975231B009233C4 /* Debug */ = {
			isa = XCBuildConfiguration;
			buildSettings = {
				BUNDLE_LOADER = "$(TEST_HOST)";
				CLANG_ENABLE_MODULES = YES;
				CODE_SIGN_STYLE = Automatic;
				CURRENT_PROJECT_VERSION = 1;
				DEVELOPMENT_TEAM = CQM92F4CPM;
				GENERATE_INFOPLIST_FILE = YES;
				LD_RUNPATH_SEARCH_PATHS = (
					"$(inherited)",
					"@executable_path/Frameworks",
					"@loader_path/Frameworks",
				);
				MARKETING_VERSION = 1.0;
				PRODUCT_BUNDLE_IDENTIFIER = itsjohnidk.banKTests;
				PRODUCT_NAME = "$(TARGET_NAME)";
				SWIFT_EMIT_LOC_STRINGS = NO;
				SWIFT_OPTIMIZATION_LEVEL = "-Onone";
				SWIFT_VERSION = 5.0;
				TARGETED_DEVICE_FAMILY = "1,2";
				TEST_HOST = "$(BUILT_PRODUCTS_DIR)/banK.app/$(BUNDLE_EXECUTABLE_FOLDER_PATH)/banK";
			};
			name = Debug;
		};
		916B18872975231B009233C4 /* Release */ = {
			isa = XCBuildConfiguration;
			buildSettings = {
				BUNDLE_LOADER = "$(TEST_HOST)";
				CLANG_ENABLE_MODULES = YES;
				CODE_SIGN_STYLE = Automatic;
				CURRENT_PROJECT_VERSION = 1;
				DEVELOPMENT_TEAM = CQM92F4CPM;
				GENERATE_INFOPLIST_FILE = YES;
				LD_RUNPATH_SEARCH_PATHS = (
					"$(inherited)",
					"@executable_path/Frameworks",
					"@loader_path/Frameworks",
				);
				MARKETING_VERSION = 1.0;
				PRODUCT_BUNDLE_IDENTIFIER = itsjohnidk.banKTests;
				PRODUCT_NAME = "$(TARGET_NAME)";
				SWIFT_EMIT_LOC_STRINGS = NO;
				SWIFT_VERSION = 5.0;
				TARGETED_DEVICE_FAMILY = "1,2";
				TEST_HOST = "$(BUILT_PRODUCTS_DIR)/banK.app/$(BUNDLE_EXECUTABLE_FOLDER_PATH)/banK";
			};
			name = Release;
		};
		91DA19622967773300566DA9 /* Debug */ = {
			isa = XCBuildConfiguration;
			buildSettings = {
				ALWAYS_SEARCH_USER_PATHS = NO;
				CLANG_ANALYZER_NONNULL = YES;
				CLANG_ANALYZER_NUMBER_OBJECT_CONVERSION = YES_AGGRESSIVE;
				CLANG_CXX_LANGUAGE_STANDARD = "gnu++20";
				CLANG_ENABLE_MODULES = YES;
				CLANG_ENABLE_OBJC_ARC = YES;
				CLANG_ENABLE_OBJC_WEAK = YES;
				CLANG_WARN_BLOCK_CAPTURE_AUTORELEASING = YES;
				CLANG_WARN_BOOL_CONVERSION = YES;
				CLANG_WARN_COMMA = YES;
				CLANG_WARN_CONSTANT_CONVERSION = YES;
				CLANG_WARN_DEPRECATED_OBJC_IMPLEMENTATIONS = YES;
				CLANG_WARN_DIRECT_OBJC_ISA_USAGE = YES_ERROR;
				CLANG_WARN_DOCUMENTATION_COMMENTS = YES;
				CLANG_WARN_EMPTY_BODY = YES;
				CLANG_WARN_ENUM_CONVERSION = YES;
				CLANG_WARN_INFINITE_RECURSION = YES;
				CLANG_WARN_INT_CONVERSION = YES;
				CLANG_WARN_NON_LITERAL_NULL_CONVERSION = YES;
				CLANG_WARN_OBJC_IMPLICIT_RETAIN_SELF = YES;
				CLANG_WARN_OBJC_LITERAL_CONVERSION = YES;
				CLANG_WARN_OBJC_ROOT_CLASS = YES_ERROR;
				CLANG_WARN_QUOTED_INCLUDE_IN_FRAMEWORK_HEADER = YES;
				CLANG_WARN_RANGE_LOOP_ANALYSIS = YES;
				CLANG_WARN_STRICT_PROTOTYPES = YES;
				CLANG_WARN_SUSPICIOUS_MOVE = YES;
				CLANG_WARN_UNGUARDED_AVAILABILITY = YES_AGGRESSIVE;
				CLANG_WARN_UNREACHABLE_CODE = YES;
				CLANG_WARN__DUPLICATE_METHOD_MATCH = YES;
				COPY_PHASE_STRIP = NO;
				DEBUG_INFORMATION_FORMAT = dwarf;
				ENABLE_STRICT_OBJC_MSGSEND = YES;
				ENABLE_TESTABILITY = YES;
				GCC_C_LANGUAGE_STANDARD = gnu11;
				GCC_DYNAMIC_NO_PIC = NO;
				GCC_NO_COMMON_BLOCKS = YES;
				GCC_OPTIMIZATION_LEVEL = 0;
				GCC_PREPROCESSOR_DEFINITIONS = (
					"DEBUG=1",
					"$(inherited)",
				);
				GCC_WARN_64_TO_32_BIT_CONVERSION = YES;
				GCC_WARN_ABOUT_RETURN_TYPE = YES_ERROR;
				GCC_WARN_UNDECLARED_SELECTOR = YES;
				GCC_WARN_UNINITIALIZED_AUTOS = YES_AGGRESSIVE;
				GCC_WARN_UNUSED_FUNCTION = YES;
				GCC_WARN_UNUSED_VARIABLE = YES;
				IPHONEOS_DEPLOYMENT_TARGET = 16.2;
				MTL_ENABLE_DEBUG_INFO = INCLUDE_SOURCE;
				MTL_FAST_MATH = YES;
				ONLY_ACTIVE_ARCH = YES;
				SDKROOT = iphoneos;
				SWIFT_ACTIVE_COMPILATION_CONDITIONS = DEBUG;
				SWIFT_OPTIMIZATION_LEVEL = "-Onone";
			};
			name = Debug;
		};
		91DA19632967773300566DA9 /* Release */ = {
			isa = XCBuildConfiguration;
			buildSettings = {
				ALWAYS_SEARCH_USER_PATHS = NO;
				CLANG_ANALYZER_NONNULL = YES;
				CLANG_ANALYZER_NUMBER_OBJECT_CONVERSION = YES_AGGRESSIVE;
				CLANG_CXX_LANGUAGE_STANDARD = "gnu++20";
				CLANG_ENABLE_MODULES = YES;
				CLANG_ENABLE_OBJC_ARC = YES;
				CLANG_ENABLE_OBJC_WEAK = YES;
				CLANG_WARN_BLOCK_CAPTURE_AUTORELEASING = YES;
				CLANG_WARN_BOOL_CONVERSION = YES;
				CLANG_WARN_COMMA = YES;
				CLANG_WARN_CONSTANT_CONVERSION = YES;
				CLANG_WARN_DEPRECATED_OBJC_IMPLEMENTATIONS = YES;
				CLANG_WARN_DIRECT_OBJC_ISA_USAGE = YES_ERROR;
				CLANG_WARN_DOCUMENTATION_COMMENTS = YES;
				CLANG_WARN_EMPTY_BODY = YES;
				CLANG_WARN_ENUM_CONVERSION = YES;
				CLANG_WARN_INFINITE_RECURSION = YES;
				CLANG_WARN_INT_CONVERSION = YES;
				CLANG_WARN_NON_LITERAL_NULL_CONVERSION = YES;
				CLANG_WARN_OBJC_IMPLICIT_RETAIN_SELF = YES;
				CLANG_WARN_OBJC_LITERAL_CONVERSION = YES;
				CLANG_WARN_OBJC_ROOT_CLASS = YES_ERROR;
				CLANG_WARN_QUOTED_INCLUDE_IN_FRAMEWORK_HEADER = YES;
				CLANG_WARN_RANGE_LOOP_ANALYSIS = YES;
				CLANG_WARN_STRICT_PROTOTYPES = YES;
				CLANG_WARN_SUSPICIOUS_MOVE = YES;
				CLANG_WARN_UNGUARDED_AVAILABILITY = YES_AGGRESSIVE;
				CLANG_WARN_UNREACHABLE_CODE = YES;
				CLANG_WARN__DUPLICATE_METHOD_MATCH = YES;
				COPY_PHASE_STRIP = NO;
				DEBUG_INFORMATION_FORMAT = "dwarf-with-dsym";
				ENABLE_NS_ASSERTIONS = NO;
				ENABLE_STRICT_OBJC_MSGSEND = YES;
				GCC_C_LANGUAGE_STANDARD = gnu11;
				GCC_NO_COMMON_BLOCKS = YES;
				GCC_WARN_64_TO_32_BIT_CONVERSION = YES;
				GCC_WARN_ABOUT_RETURN_TYPE = YES_ERROR;
				GCC_WARN_UNDECLARED_SELECTOR = YES;
				GCC_WARN_UNINITIALIZED_AUTOS = YES_AGGRESSIVE;
				GCC_WARN_UNUSED_FUNCTION = YES;
				GCC_WARN_UNUSED_VARIABLE = YES;
				IPHONEOS_DEPLOYMENT_TARGET = 16.2;
				MTL_ENABLE_DEBUG_INFO = NO;
				MTL_FAST_MATH = YES;
				SDKROOT = iphoneos;
				SWIFT_COMPILATION_MODE = wholemodule;
				SWIFT_OPTIMIZATION_LEVEL = "-O";
				VALIDATE_PRODUCT = YES;
			};
			name = Release;
		};
		91DA19652967773300566DA9 /* Debug */ = {
			isa = XCBuildConfiguration;
			buildSettings = {
				ASSETCATALOG_COMPILER_APPICON_NAME = AppIcon;
				ASSETCATALOG_COMPILER_GLOBAL_ACCENT_COLOR_NAME = AccentColor;
				CODE_SIGN_STYLE = Automatic;
				CURRENT_PROJECT_VERSION = 1;
				DEVELOPMENT_TEAM = CQM92F4CPM;
				GENERATE_INFOPLIST_FILE = YES;
				INFOPLIST_FILE = banK/Info.plist;
				INFOPLIST_KEY_UIApplicationSupportsIndirectInputEvents = YES;
				INFOPLIST_KEY_UILaunchStoryboardName = LaunchScreen;
				INFOPLIST_KEY_UISupportedInterfaceOrientations_iPad = "UIInterfaceOrientationPortrait UIInterfaceOrientationPortraitUpsideDown UIInterfaceOrientationLandscapeLeft UIInterfaceOrientationLandscapeRight";
				INFOPLIST_KEY_UISupportedInterfaceOrientations_iPhone = "UIInterfaceOrientationPortrait UIInterfaceOrientationLandscapeLeft UIInterfaceOrientationLandscapeRight";
				LD_RUNPATH_SEARCH_PATHS = (
					"$(inherited)",
					"@executable_path/Frameworks",
				);
				MARKETING_VERSION = 1.0;
				PRODUCT_BUNDLE_IDENTIFIER = itsjohnidk.banK;
				PRODUCT_NAME = "$(TARGET_NAME)";
				SWIFT_EMIT_LOC_STRINGS = YES;
				SWIFT_VERSION = 5.0;
				TARGETED_DEVICE_FAMILY = "1,2";
			};
			name = Debug;
		};
		91DA19662967773300566DA9 /* Release */ = {
			isa = XCBuildConfiguration;
			buildSettings = {
				ASSETCATALOG_COMPILER_APPICON_NAME = AppIcon;
				ASSETCATALOG_COMPILER_GLOBAL_ACCENT_COLOR_NAME = AccentColor;
				CODE_SIGN_STYLE = Automatic;
				CURRENT_PROJECT_VERSION = 1;
				DEVELOPMENT_TEAM = CQM92F4CPM;
				GENERATE_INFOPLIST_FILE = YES;
				INFOPLIST_FILE = banK/Info.plist;
				INFOPLIST_KEY_UIApplicationSupportsIndirectInputEvents = YES;
				INFOPLIST_KEY_UILaunchStoryboardName = LaunchScreen;
				INFOPLIST_KEY_UISupportedInterfaceOrientations_iPad = "UIInterfaceOrientationPortrait UIInterfaceOrientationPortraitUpsideDown UIInterfaceOrientationLandscapeLeft UIInterfaceOrientationLandscapeRight";
				INFOPLIST_KEY_UISupportedInterfaceOrientations_iPhone = "UIInterfaceOrientationPortrait UIInterfaceOrientationLandscapeLeft UIInterfaceOrientationLandscapeRight";
				LD_RUNPATH_SEARCH_PATHS = (
					"$(inherited)",
					"@executable_path/Frameworks",
				);
				MARKETING_VERSION = 1.0;
				PRODUCT_BUNDLE_IDENTIFIER = itsjohnidk.banK;
				PRODUCT_NAME = "$(TARGET_NAME)";
				SWIFT_EMIT_LOC_STRINGS = YES;
				SWIFT_VERSION = 5.0;
				TARGETED_DEVICE_FAMILY = "1,2";
			};
			name = Release;
		};
/* End XCBuildConfiguration section */

/* Begin XCConfigurationList section */
		916B18852975231B009233C4 /* Build configuration list for PBXNativeTarget "banKTests" */ = {
			isa = XCConfigurationList;
			buildConfigurations = (
				916B18862975231B009233C4 /* Debug */,
				916B18872975231B009233C4 /* Release */,
			);
			defaultConfigurationIsVisible = 0;
			defaultConfigurationName = Release;
		};
		91DA194B2967773200566DA9 /* Build configuration list for PBXProject "banK" */ = {
			isa = XCConfigurationList;
			buildConfigurations = (
				91DA19622967773300566DA9 /* Debug */,
				91DA19632967773300566DA9 /* Release */,
			);
			defaultConfigurationIsVisible = 0;
			defaultConfigurationName = Release;
		};
		91DA19642967773300566DA9 /* Build configuration list for PBXNativeTarget "banK" */ = {
			isa = XCConfigurationList;
			buildConfigurations = (
				91DA19652967773300566DA9 /* Debug */,
				91DA19662967773300566DA9 /* Release */,
			);
			defaultConfigurationIsVisible = 0;
			defaultConfigurationName = Release;
		};
/* End XCConfigurationList section */
	};
	rootObject = 91DA19482967773200566DA9 /* Project object */;
}
